
Microsoft Visual Studio Solution File, Format Version 12.00
# Visual Studio 14
VisualStudioVersion = 14.0.24720.0
MinimumVisualStudioVersion = 10.0.40219.1
Project("{FAE04EC0-301F-11D3-BF4B-00C04F79EFBC}") = "SeleniumMagic", "source\SeleniumMagic\SeleniumMagic.csproj", "{798E3247-AEF7-49ED-AFAE-588CEE5A0CAF}"
EndProject
Project("{FAE04EC0-301F-11D3-BF4B-00C04F79EFBC}") = "SeleniumMagic.Specifications", "tests\SeleniumMagic.Specifications\SeleniumMagic.Specifications.csproj", "{53951248-61E0-44D8-A5F4-2E0CCE84A441}"
EndProject
Global
	GlobalSection(SolutionConfigurationPlatforms) = preSolution
		Debug|Any CPU = Debug|Any CPU
		Release|Any CPU = Release|Any CPU
	EndGlobalSection
	GlobalSection(ProjectConfigurationPlatforms) = postSolution
		{798E3247-AEF7-49ED-AFAE-588CEE5A0CAF}.Debug|Any CPU.ActiveCfg = Debug|Any CPU
		{798E3247-AEF7-49ED-AFAE-588CEE5A0CAF}.Debug|Any CPU.Build.0 = Debug|Any CPU
		{798E3247-AEF7-49ED-AFAE-588CEE5A0CAF}.Release|Any CPU.ActiveCfg = Release|Any CPU
		{798E3247-AEF7-49ED-AFAE-588CEE5A0CAF}.Release|Any CPU.Build.0 = Release|Any CPU
		{53951248-61E0-44D8-A5F4-2E0CCE84A441}.Debug|Any CPU.ActiveCfg = Debug|Any CPU
		{53951248-61E0-44D8-A5F4-2E0CCE84A441}.Debug|Any CPU.Build.0 = Debug|Any CPU
		{53951248-61E0-44D8-A5F4-2E0CCE84A441}.Release|Any CPU.ActiveCfg = Release|Any CPU
		{53951248-61E0-44D8-A5F4-2E0CCE84A441}.Release|Any CPU.Build.0 = Release|Any CPU
	EndGlobalSection
	GlobalSection(SolutionProperties) = preSolution
		HideSolutionNode = FALSE
	EndGlobalSection
EndGlobal
